PODS:
  - MNkSupportUtilities (0.1.4):
    - SDWebImage
  - SDWebImage (4.4.2):
    - SDWebImage/Core (= 4.4.2)
  - SDWebImage/Core (4.4.2)

DEPENDENCIES:
  - MNkSupportUtilities (from `../`)

SPEC REPOS:
  https://github.com/cocoapods/specs.git:
    - SDWebImage

EXTERNAL SOURCES:
  MNkSupportUtilities:
    :path: "../"

SPEC CHECKSUMS:
  MNkSupportUtilities: 5168d2cb7aa0bf6fd6ec9bdc20e809ecb1c9e6b3
  SDWebImage: 624d6e296c69b244bcede364c72ae0430ac14681

PODFILE CHECKSUM: 778c8fc811be3480347261f570132bd4020b823b

COCOAPODS: 1.5.3
